
Microsoft Visual Studio Solution File, Format Version 12.00
# Visual Studio 15
VisualStudioVersion = 15.0.27703.2047
MinimumVisualStudioVersion = 10.0.40219.1
Project("{FAE04EC0-301F-11D3-BF4B-00C04F79EFBC}") = "Innovate.Web.Api", "Innovate\Innovate.Web.Api.csproj", "{DCFA5D4A-5EB3-4F07-AFDF-3AD5EA6A8F68}"
EndProject
Project("{FAE04EC0-301F-11D3-BF4B-00C04F79EFBC}") = "Innovate.Storage", "Innovate.Storage\Innovate.Storage.csproj", "{58F3ED55-492D-465D-AA82-78F19F1F2451}"
EndProject
Project("{FAE04EC0-301F-11D3-BF4B-00C04F79EFBC}") = "Innovate.Contracts", "Innovate.Contracts\Innovate.Contracts.csproj", "{187B0553-7903-4B43-BA80-BACDCF7173FA}"
EndProject
Global
	GlobalSection(SolutionConfigurationPlatforms) = preSolution
		Debug|Any CPU = Debug|Any CPU
		Release|Any CPU = Release|Any CPU
	EndGlobalSection
	GlobalSection(ProjectConfigurationPlatforms) = postSolution
		{DCFA5D4A-5EB3-4F07-AFDF-3AD5EA6A8F68}.Debug|Any CPU.ActiveCfg = Debug|Any CPU
		{DCFA5D4A-5EB3-4F07-AFDF-3AD5EA6A8F68}.Debug|Any CPU.Build.0 = Debug|Any CPU
		{DCFA5D4A-5EB3-4F07-AFDF-3AD5EA6A8F68}.Release|Any CPU.ActiveCfg = Release|Any CPU
		{DCFA5D4A-5EB3-4F07-AFDF-3AD5EA6A8F68}.Release|Any CPU.Build.0 = Release|Any CPU
		{58F3ED55-492D-465D-AA82-78F19F1F2451}.Debug|Any CPU.ActiveCfg = Debug|Any CPU
		{58F3ED55-492D-465D-AA82-78F19F1F2451}.Debug|Any CPU.Build.0 = Debug|Any CPU
		{58F3ED55-492D-465D-AA82-78F19F1F2451}.Release|Any CPU.ActiveCfg = Release|Any CPU
		{58F3ED55-492D-465D-AA82-78F19F1F2451}.Release|Any CPU.Build.0 = Release|Any CPU
		{187B0553-7903-4B43-BA80-BACDCF7173FA}.Debug|Any CPU.ActiveCfg = Debug|Any CPU
		{187B0553-7903-4B43-BA80-BACDCF7173FA}.Debug|Any CPU.Build.0 = Debug|Any CPU
		{187B0553-7903-4B43-BA80-BACDCF7173FA}.Release|Any CPU.ActiveCfg = Release|Any CPU
		{187B0553-7903-4B43-BA80-BACDCF7173FA}.Release|Any CPU.Build.0 = Release|Any CPU
	EndGlobalSection
	GlobalSection(SolutionProperties) = preSolution
		HideSolutionNode = FALSE
	EndGlobalSection
	GlobalSection(ExtensibilityGlobals) = postSolution
		SolutionGuid = {9F3FBAEA-2B01-4CE8-9A4E-49FC027F99C0}
	EndGlobalSection
EndGlobal
